{
  "object": {
    "pins": [
      {
        "package": "CryptoKitten",
        "repositoryURL": "https://github.com/OpenKitten/CryptoKitten.git",
        "state": {
          "branch": null,
          "revision": "4482442bf944eb4768ae3d241cc53bb6f3696b1b",
          "version": "0.2.1"
        }
      },
      {
        "package": "KittenCTLS",
        "repositoryURL": "https://github.com/OpenKitten/KittenCTLS.git",
        "state": {
          "branch": null,
          "revision": "be8c42f22975e8033c6f342f42b8999407672bb3",
          "version": "1.0.1"
        }
      }
    ]
  },
  "version": 1
}
