{
  "object": {
    "pins": [
      {
        "package": "CryptoKitten",
        "repositoryURL": "http://github.com/OpenKitten/CryptoKitten.git",
        "state": {
          "branch": null,
          "revision": "e5de7a003738459804cf71e8bb814a936c637b56",
          "version": "0.1.0"
        }
      }
    ]
  },
  "version": 1
}
